
Microsoft Visual Studio Solution File, Format Version 12.00
# Visual Studio 15
VisualStudioVersion = 15.0.27703.2042
MinimumVisualStudioVersion = 10.0.40219.1
Project("{FAE04EC0-301F-11D3-BF4B-00C04F79EFBC}") = "PlayerPreferences", "PlayerPreferences\PlayerPreferences.csproj", "{AE2B0894-DE9E-4149-AC6A-4BB8E049993C}"
EndProject
Global
	GlobalSection(SolutionConfigurationPlatforms) = preSolution
		Debug|Any CPU = Debug|Any CPU
		Release|Any CPU = Release|Any CPU
	EndGlobalSection
	GlobalSection(ProjectConfigurationPlatforms) = postSolution
		{AE2B0894-DE9E-4149-AC6A-4BB8E049993C}.Debug|Any CPU.ActiveCfg = Debug|Any CPU
		{AE2B0894-DE9E-4149-AC6A-4BB8E049993C}.Debug|Any CPU.Build.0 = Debug|Any CPU
		{AE2B0894-DE9E-4149-AC6A-4BB8E049993C}.Release|Any CPU.ActiveCfg = Release|Any CPU
		{AE2B0894-DE9E-4149-AC6A-4BB8E049993C}.Release|Any CPU.Build.0 = Release|Any CPU
	EndGlobalSection
	GlobalSection(SolutionProperties) = preSolution
		HideSolutionNode = FALSE
	EndGlobalSection
	GlobalSection(ExtensibilityGlobals) = postSolution
		SolutionGuid = {E86EEBB7-B81B-47FA-A5A9-937E6B36C1EF}
	EndGlobalSection
EndGlobal
